
Microsoft Visual Studio Solution File, Format Version 12.00
# Visual Studio Version 17
VisualStudioVersion = 17.8.34330.188
MinimumVisualStudioVersion = 10.0.40219.1
Project("{FAE04EC0-301F-11D3-BF4B-00C04F79EFBC}") = "MinimalAPI.Web", "MinimalAPI\MinimalAPI.Web.csproj", "{E5DACA8A-45C9-46B3-8C49-5BDEFCDD51AD}"
EndProject
Project("{2150E333-8FDC-42A3-9474-1A3956D46DE8}") = "src", "src", "{CF00BDC9-D734-404C-98F5-96BF7957BF60}"
EndProject
Project("{FAE04EC0-301F-11D3-BF4B-00C04F79EFBC}") = "MinimalAPI.Application", "MinimalAPI.Application\MinimalAPI.Application.csproj", "{B3B60EBA-8FC2-4802-AAC4-5C1FDFBB27B6}"
EndProject
Project("{FAE04EC0-301F-11D3-BF4B-00C04F79EFBC}") = "MinimalAPI.Domain", "MinimalAPI.Domain\MinimalAPI.Domain.csproj", "{52468957-9F24-4198-B15D-D1E01D2B9142}"
EndProject
Project("{FAE04EC0-301F-11D3-BF4B-00C04F79EFBC}") = "MinimalAPI.Infrastructure", "MinimalAPI.Infrastructure\MinimalAPI.Infrastructure.csproj", "{40AA4A01-263A-4B19-95CA-E2F411066398}"
EndProject
Project("{FAE04EC0-301F-11D3-BF4B-00C04F79EFBC}") = "MinimalAPI.Presentation", "MinimalAPI.Presentation\MinimalAPI.Presentation.csproj", "{2D8444E3-CAE1-4F2C-8C63-216A60AB5A18}"
EndProject
Project("{2150E333-8FDC-42A3-9474-1A3956D46DE8}") = "test", "test", "{AB996D45-283F-4BC5-8DEB-263B96066BE8}"
EndProject
Project("{FAE04EC0-301F-11D3-BF4B-00C04F79EFBC}") = "MinimalAPIUnitTests", "MinimalAPIUnitTests\MinimalAPIUnitTests.csproj", "{FA7E1159-0A89-49F4-A317-6EE9960AE45A}"
EndProject
Global
	GlobalSection(SolutionConfigurationPlatforms) = preSolution
		Debug|Any CPU = Debug|Any CPU
		Release|Any CPU = Release|Any CPU
	EndGlobalSection
	GlobalSection(ProjectConfigurationPlatforms) = postSolution
		{E5DACA8A-45C9-46B3-8C49-5BDEFCDD51AD}.Debug|Any CPU.ActiveCfg = Debug|Any CPU
		{E5DACA8A-45C9-46B3-8C49-5BDEFCDD51AD}.Debug|Any CPU.Build.0 = Debug|Any CPU
		{E5DACA8A-45C9-46B3-8C49-5BDEFCDD51AD}.Release|Any CPU.ActiveCfg = Release|Any CPU
		{E5DACA8A-45C9-46B3-8C49-5BDEFCDD51AD}.Release|Any CPU.Build.0 = Release|Any CPU
		{B3B60EBA-8FC2-4802-AAC4-5C1FDFBB27B6}.Debug|Any CPU.ActiveCfg = Debug|Any CPU
		{B3B60EBA-8FC2-4802-AAC4-5C1FDFBB27B6}.Debug|Any CPU.Build.0 = Debug|Any CPU
		{B3B60EBA-8FC2-4802-AAC4-5C1FDFBB27B6}.Release|Any CPU.ActiveCfg = Release|Any CPU
		{B3B60EBA-8FC2-4802-AAC4-5C1FDFBB27B6}.Release|Any CPU.Build.0 = Release|Any CPU
		{52468957-9F24-4198-B15D-D1E01D2B9142}.Debug|Any CPU.ActiveCfg = Debug|Any CPU
		{52468957-9F24-4198-B15D-D1E01D2B9142}.Debug|Any CPU.Build.0 = Debug|Any CPU
		{52468957-9F24-4198-B15D-D1E01D2B9142}.Release|Any CPU.ActiveCfg = Release|Any CPU
		{52468957-9F24-4198-B15D-D1E01D2B9142}.Release|Any CPU.Build.0 = Release|Any CPU
		{40AA4A01-263A-4B19-95CA-E2F411066398}.Debug|Any CPU.ActiveCfg = Debug|Any CPU
		{40AA4A01-263A-4B19-95CA-E2F411066398}.Debug|Any CPU.Build.0 = Debug|Any CPU
		{40AA4A01-263A-4B19-95CA-E2F411066398}.Release|Any CPU.ActiveCfg = Release|Any CPU
		{40AA4A01-263A-4B19-95CA-E2F411066398}.Release|Any CPU.Build.0 = Release|Any CPU
		{2D8444E3-CAE1-4F2C-8C63-216A60AB5A18}.Debug|Any CPU.ActiveCfg = Debug|Any CPU
		{2D8444E3-CAE1-4F2C-8C63-216A60AB5A18}.Debug|Any CPU.Build.0 = Debug|Any CPU
		{2D8444E3-CAE1-4F2C-8C63-216A60AB5A18}.Release|Any CPU.ActiveCfg = Release|Any CPU
		{2D8444E3-CAE1-4F2C-8C63-216A60AB5A18}.Release|Any CPU.Build.0 = Release|Any CPU
		{FA7E1159-0A89-49F4-A317-6EE9960AE45A}.Debug|Any CPU.ActiveCfg = Debug|Any CPU
		{FA7E1159-0A89-49F4-A317-6EE9960AE45A}.Debug|Any CPU.Build.0 = Debug|Any CPU
		{FA7E1159-0A89-49F4-A317-6EE9960AE45A}.Release|Any CPU.ActiveCfg = Release|Any CPU
		{FA7E1159-0A89-49F4-A317-6EE9960AE45A}.Release|Any CPU.Build.0 = Release|Any CPU
	EndGlobalSection
	GlobalSection(SolutionProperties) = preSolution
		HideSolutionNode = FALSE
	EndGlobalSection
	GlobalSection(NestedProjects) = preSolution
		{E5DACA8A-45C9-46B3-8C49-5BDEFCDD51AD} = {CF00BDC9-D734-404C-98F5-96BF7957BF60}
		{B3B60EBA-8FC2-4802-AAC4-5C1FDFBB27B6} = {CF00BDC9-D734-404C-98F5-96BF7957BF60}
		{52468957-9F24-4198-B15D-D1E01D2B9142} = {CF00BDC9-D734-404C-98F5-96BF7957BF60}
		{40AA4A01-263A-4B19-95CA-E2F411066398} = {CF00BDC9-D734-404C-98F5-96BF7957BF60}
		{2D8444E3-CAE1-4F2C-8C63-216A60AB5A18} = {CF00BDC9-D734-404C-98F5-96BF7957BF60}
		{FA7E1159-0A89-49F4-A317-6EE9960AE45A} = {AB996D45-283F-4BC5-8DEB-263B96066BE8}
	EndGlobalSection
	GlobalSection(ExtensibilityGlobals) = postSolution
		SolutionGuid = {87B2BDFA-0659-43C9-A96E-6E54F9D6A336}
	EndGlobalSection
EndGlobal
